// !$*UTF8*$!
{
	archiveVersion = 1;
	classes = {
	};
	objectVersion = 50;
	objects = {

/* Begin PBXBuildFile section */
		9BF170E4FBECC2BECE02C45B /* libPods-抖词.a in Frameworks */ = {isa = PBXBuildFile; fileRef = 16E75BE723F44D1DC0218083 /* libPods-抖词.a */; };
		B41BA88221D0CDE0006B1D5B /* DCMeViewController.storyboard in Resources */ = {isa = PBXBuildFile; fileRef = B41BA88121D0CDE0006B1D5B /* DCMeViewController.storyboard */; };
		B41BA88921D10B91006B1D5B /* DCSquareCell.m in Sources */ = {isa = PBXBuildFile; fileRef = B41BA88721D10B91006B1D5B /* DCSquareCell.m */; };
		B41BA88A21D10B91006B1D5B /* DCSquareCell.xib in Resources */ = {isa = PBXBuildFile; fileRef = B41BA88821D10B91006B1D5B /* DCSquareCell.xib */; };
		B41BA88D21D13029006B1D5B /* DCSquareItem.m in Sources */ = {isa = PBXBuildFile; fileRef = B41BA88C21D13029006B1D5B /* DCSquareItem.m */; };
		B41BA89421D25EF7006B1D5B /* DCWebViewController.m in Sources */ = {isa = PBXBuildFile; fileRef = B41BA89221D25EF7006B1D5B /* DCWebViewController.m */; };
		B41BA89521D25EF7006B1D5B /* DCWebViewController.xib in Resources */ = {isa = PBXBuildFile; fileRef = B41BA89321D25EF7006B1D5B /* DCWebViewController.xib */; };
		B447241321BEF4A700CCD2E0 /* DCPublishViewController.m in Sources */ = {isa = PBXBuildFile; fileRef = B44723F621BEF4A700CCD2E0 /* DCPublishViewController.m */; };
		B447241421BEF4A700CCD2E0 /* DCEssenceViewController.m in Sources */ = {isa = PBXBuildFile; fileRef = B44723FD21BEF4A700CCD2E0 /* DCEssenceViewController.m */; };
		B447241521BEF4A700CCD2E0 /* DCMeViewController.m in Sources */ = {isa = PBXBuildFile; fileRef = B447240221BEF4A700CCD2E0 /* DCMeViewController.m */; };
		B447241721BEF4A700CCD2E0 /* DCTabBarController.m in Sources */ = {isa = PBXBuildFile; fileRef = B447240F21BEF4A700CCD2E0 /* DCTabBarController.m */; };
		B447242121C000F900CCD2E0 /* DCTabBar.m in Sources */ = {isa = PBXBuildFile; fileRef = B447242021C000F900CCD2E0 /* DCTabBar.m */; };
		B447243321C2B8DF00CCD2E0 /* DCNavigationViewController.m in Sources */ = {isa = PBXBuildFile; fileRef = B447243121C2B8DF00CCD2E0 /* DCNavigationViewController.m */; };
		B447244121C3101300CCD2E0 /* DCSettingViewController.m in Sources */ = {isa = PBXBuildFile; fileRef = B447243E21C3101300CCD2E0 /* DCSettingViewController.m */; };
		B49BFF0321CECA7E00FC4825 /* DCADViewController.xib in Resources */ = {isa = PBXBuildFile; fileRef = B49BFEFB21CECA7D00FC4825 /* DCADViewController.xib */; };
		B49BFF0421CECA7E00FC4825 /* DCADViewController.m in Sources */ = {isa = PBXBuildFile; fileRef = B49BFEFD21CECA7D00FC4825 /* DCADViewController.m */; };
		B49BFF0521CECA7E00FC4825 /* DCADitem.m in Sources */ = {isa = PBXBuildFile; fileRef = B49BFEFF21CECA7D00FC4825 /* DCADitem.m */; };
		B49BFF0621CECA7E00FC4825 /* ad.plist in Resources */ = {isa = PBXBuildFile; fileRef = B49BFF0221CECA7D00FC4825 /* ad.plist */; };
		B49BFF2621D08B1700FC4825 /* DCNewViewController.m in Sources */ = {isa = PBXBuildFile; fileRef = B49BFF1C21D08B1700FC4825 /* DCNewViewController.m */; };
		B49BFF2721D08B1700FC4825 /* DCBQTableViewController.m in Sources */ = {isa = PBXBuildFile; fileRef = B49BFF1D21D08B1700FC4825 /* DCBQTableViewController.m */; };
		B49BFF2821D08B1700FC4825 /* DCSubTagItem.m in Sources */ = {isa = PBXBuildFile; fileRef = B49BFF2121D08B1700FC4825 /* DCSubTagItem.m */; };
		B49BFF2921D08B1700FC4825 /* DCSubTagCell.m in Sources */ = {isa = PBXBuildFile; fileRef = B49BFF2421D08B1700FC4825 /* DCSubTagCell.m */; };
		B49BFF2A21D08B1700FC4825 /* DCSubTagCell.xib in Resources */ = {isa = PBXBuildFile; fileRef = B49BFF2521D08B1700FC4825 /* DCSubTagCell.xib */; };
		B49BFF3E21D08F1500FC4825 /* DCLoginRegisterViewController.m in Sources */ = {isa = PBXBuildFile; fileRef = B49BFF2D21D08F1500FC4825 /* DCLoginRegisterViewController.m */; };
		B49BFF3F21D08F1500FC4825 /* DCLoginRegisterViewController.xib in Resources */ = {isa = PBXBuildFile; fileRef = B49BFF2E21D08F1500FC4825 /* DCLoginRegisterViewController.xib */; };
		B49BFF4021D08F1500FC4825 /* DCFriendshipViewController.xib in Resources */ = {isa = PBXBuildFile; fileRef = B49BFF3021D08F1500FC4825 /* DCFriendshipViewController.xib */; };
		B49BFF4121D08F1500FC4825 /* DCFriendshipViewController.m in Sources */ = {isa = PBXBuildFile; fileRef = B49BFF3221D08F1500FC4825 /* DCFriendshipViewController.m */; };
		B49BFF4221D08F1500FC4825 /* DCFastButton.m in Sources */ = {isa = PBXBuildFile; fileRef = B49BFF3621D08F1500FC4825 /* DCFastButton.m */; };
		B49BFF4321D08F1500FC4825 /* DCTextField.m in Sources */ = {isa = PBXBuildFile; fileRef = B49BFF3721D08F1500FC4825 /* DCTextField.m */; };
		B49BFF4421D08F1500FC4825 /* DCFastLoginView.xib in Resources */ = {isa = PBXBuildFile; fileRef = B49BFF3821D08F1500FC4825 /* DCFastLoginView.xib */; };
		B49BFF4521D08F1500FC4825 /* DCLoginRegisterView.xib in Resources */ = {isa = PBXBuildFile; fileRef = B49BFF3921D08F1500FC4825 /* DCLoginRegisterView.xib */; };
		B49BFF4621D08F1500FC4825 /* DCLoginRegisterView.m in Sources */ = {isa = PBXBuildFile; fileRef = B49BFF3A21D08F1500FC4825 /* DCLoginRegisterView.m */; };
		B49BFF4721D08F1500FC4825 /* DCFastLoginView.m in Sources */ = {isa = PBXBuildFile; fileRef = B49BFF3B21D08F1500FC4825 /* DCFastLoginView.m */; };
		B49BFF4F21D08F6500FC4825 /* UIView+Frame.m in Sources */ = {isa = PBXBuildFile; fileRef = B49BFF4921D08F6400FC4825 /* UIView+Frame.m */; };
		B49BFF5021D08F6500FC4825 /* UIImage+image.m in Sources */ = {isa = PBXBuildFile; fileRef = B49BFF4A21D08F6400FC4825 /* UIImage+image.m */; };
		B49BFF5121D08F6500FC4825 /* UIBarButtonItem+Item.m in Sources */ = {isa = PBXBuildFile; fileRef = B49BFF4C21D08F6400FC4825 /* UIBarButtonItem+Item.m */; };
		B4CFB07A21C816D400D834BD /* LaunchImage@2x.png in Resources */ = {isa = PBXBuildFile; fileRef = B4CFB07321C816D400D834BD /* LaunchImage@2x.png */; };
		B4CFB07B21C816D400D834BD /* LaunchImage-568h@2x.png in Resources */ = {isa = PBXBuildFile; fileRef = B4CFB07421C816D400D834BD /* LaunchImage-568h@2x.png */; };
		B4CFB07C21C816D400D834BD /* LaunchImage-800-667h@2x.png in Resources */ = {isa = PBXBuildFile; fileRef = B4CFB07521C816D400D834BD /* LaunchImage-800-667h@2x.png */; };
		B4CFB07D21C816D400D834BD /* LaunchImage-800-Portrait-736h@3x.png in Resources */ = {isa = PBXBuildFile; fileRef = B4CFB07621C816D400D834BD /* LaunchImage-800-Portrait-736h@3x.png */; };
		B4CFB07E21C816D400D834BD /* LaunchImage-700@2x.png in Resources */ = {isa = PBXBuildFile; fileRef = B4CFB07721C816D400D834BD /* LaunchImage-700@2x.png */; };
		B4CFB07F21C816D400D834BD /* LaunchImage-700-568h@2x.png in Resources */ = {isa = PBXBuildFile; fileRef = B4CFB07821C816D400D834BD /* LaunchImage-700-568h@2x.png */; };
		B4CFB08021C816D400D834BD /* LaunchImage.png in Resources */ = {isa = PBXBuildFile; fileRef = B4CFB07921C816D400D834BD /* LaunchImage.png */; };
		B4F8AB3D21A701A200FB6C7A /* AppDelegate.m in Sources */ = {isa = PBXBuildFile; fileRef = B4F8AB3C21A701A200FB6C7A /* AppDelegate.m */; };
		B4F8AB4621A701A200FB6C7A /* Main.storyboard in Resources */ = {isa = PBXBuildFile; fileRef = B4F8AB4421A701A200FB6C7A /* Main.storyboard */; };
		B4F8AB4821A701A300FB6C7A /* Assets.xcassets in Resources */ = {isa = PBXBuildFile; fileRef = B4F8AB4721A701A300FB6C7A /* Assets.xcassets */; };
		B4F8AB4B21A701A300FB6C7A /* LaunchScreen.storyboard in Resources */ = {isa = PBXBuildFile; fileRef = B4F8AB4921A701A300FB6C7A /* LaunchScreen.storyboard */; };
		B4F8AB4E21A701A300FB6C7A /* main.m in Sources */ = {isa = PBXBuildFile; fileRef = B4F8AB4D21A701A300FB6C7A /* main.m */; };
		B4F8ABA121A975D800FB6C7A /* JPVideoPlayerDouyinViewController.m in Sources */ = {isa = PBXBuildFile; fileRef = B4F8ABA021A975D800FB6C7A /* JPVideoPlayerDouyinViewController.m */; };
		B4F8ABC321A9763A00FB6C7A /* JPVideoPlayerDownloader.m in Sources */ = {isa = PBXBuildFile; fileRef = B4F8ABA621A9763900FB6C7A /* JPVideoPlayerDownloader.m */; };
		B4F8ABC421A9763A00FB6C7A /* JPVideoPlayerCache.m in Sources */ = {isa = PBXBuildFile; fileRef = B4F8ABA721A9763900FB6C7A /* JPVideoPlayerCache.m */; };
		B4F8ABC521A9763A00FB6C7A /* UIView+WebVideoCache.m in Sources */ = {isa = PBXBuildFile; fileRef = B4F8ABAA21A9763900FB6C7A /* UIView+WebVideoCache.m */; };
		B4F8ABC621A9763A00FB6C7A /* JPVideoPlayerCompat.m in Sources */ = {isa = PBXBuildFile; fileRef = B4F8ABAB21A9763900FB6C7A /* JPVideoPlayerCompat.m */; };
		B4F8ABC721A9763A00FB6C7A /* JPVideoPlayerResourceLoader.m in Sources */ = {isa = PBXBuildFile; fileRef = B4F8ABAF21A9763900FB6C7A /* JPVideoPlayerResourceLoader.m */; };
		B4F8ABC821A9763A00FB6C7A /* JPVideoPlayerCacheFile.m in Sources */ = {isa = PBXBuildFile; fileRef = B4F8ABB421A9763900FB6C7A /* JPVideoPlayerCacheFile.m */; };
		B4F8ABC921A9763A00FB6C7A /* JPVideoPlayerControlViews.m in Sources */ = {isa = PBXBuildFile; fileRef = B4F8ABB521A9763900FB6C7A /* JPVideoPlayerControlViews.m */; };
		B4F8ABCA21A9763A00FB6C7A /* JPVideoPlayer.bundle in Resources */ = {isa = PBXBuildFile; fileRef = B4F8ABB721A9763900FB6C7A /* JPVideoPlayer.bundle */; };
		B4F8ABCB21A9763A00FB6C7A /* UITableView+WebVideoCache.m in Sources */ = {isa = PBXBuildFile; fileRef = B4F8ABB921A9763900FB6C7A /* UITableView+WebVideoCache.m */; };
		B4F8ABCC21A9763A00FB6C7A /* JPVideoPlayerManager.m in Sources */ = {isa = PBXBuildFile; fileRef = B4F8ABBA21A9763900FB6C7A /* JPVideoPlayerManager.m */; };
		B4F8ABCD21A9763A00FB6C7A /* JPVideoPlayer.m in Sources */ = {isa = PBXBuildFile; fileRef = B4F8ABBE21A9763900FB6C7A /* JPVideoPlayer.m */; };
		B4F8ABCE21A9763A00FB6C7A /* JPVideoPlayerSupportUtils.m in Sources */ = {isa = PBXBuildFile; fileRef = B4F8ABBF21A9763900FB6C7A /* JPVideoPlayerSupportUtils.m */; };
		B4F8ABCF21A9763A00FB6C7A /* UITableViewCell+WebVideoCache.m in Sources */ = {isa = PBXBuildFile; fileRef = B4F8ABC021A9763900FB6C7A /* UITableViewCell+WebVideoCache.m */; };
		B4F8ABD021A9763A00FB6C7A /* JPVideoPlayerCachePath.m in Sources */ = {isa = PBXBuildFile; fileRef = B4F8ABC121A9763900FB6C7A /* JPVideoPlayerCachePath.m */; };
		B4F8ABD121A9763A00FB6C7A /* JPResourceLoadingRequestTask.m in Sources */ = {isa = PBXBuildFile; fileRef = B4F8ABC221A9763900FB6C7A /* JPResourceLoadingRequestTask.m */; };
/* End PBXBuildFile section */

/* Begin PBXFileReference section */
		16E75BE723F44D1DC0218083 /* libPods-抖词.a */ = {isa = PBXFileReference; explicitFileType = archive.ar; includeInIndex = 0; path = "libPods-抖词.a"; sourceTree = BUILT_PRODUCTS_DIR; };
		21D229EE3ACDB1BDBEAB6836 /* Pods-抖词.debug.xcconfig */ = {isa = PBXFileReference; includeInIndex = 1; lastKnownFileType = text.xcconfig; name = "Pods-抖词.debug.xcconfig"; path = "Pods/Target Support Files/Pods-抖词/Pods-抖词.debug.xcconfig"; sourceTree = "<group>"; };
		AAE1F0DF6EADF8F191C60221 /* Pods-抖词.release.xcconfig */ = {isa = PBXFileReference; includeInIndex = 1; lastKnownFileType = text.xcconfig; name = "Pods-抖词.release.xcconfig"; path = "Pods/Target Support Files/Pods-抖词/Pods-抖词.release.xcconfig"; sourceTree = "<group>"; };
		B41BA88121D0CDE0006B1D5B /* DCMeViewController.storyboard */ = {isa = PBXFileReference; lastKnownFileType = file.storyboard; path = DCMeViewController.storyboard; sourceTree = "<group>"; };
		B41BA88621D10B91006B1D5B /* DCSquareCell.h */ = {isa = PBXFileReference; lastKnownFileType = sourcecode.c.h; path = DCSquareCell.h; sourceTree = "<group>"; };
		B41BA88721D10B91006B1D5B /* DCSquareCell.m */ = {isa = PBXFileReference; lastKnownFileType = sourcecode.c.objc; path = DCSquareCell.m; sourceTree = "<group>"; };
		B41BA88821D10B91006B1D5B /* DCSquareCell.xib */ = {isa = PBXFileReference; lastKnownFileType = file.xib; path = DCSquareCell.xib; sourceTree = "<group>"; };
		B41BA88B21D13029006B1D5B /* DCSquareItem.h */ = {isa = PBXFileReference; lastKnownFileType = sourcecode.c.h; path = DCSquareItem.h; sourceTree = "<group>"; };
		B41BA88C21D13029006B1D5B /* DCSquareItem.m */ = {isa = PBXFileReference; lastKnownFileType = sourcecode.c.objc; path = DCSquareItem.m; sourceTree = "<group>"; };
		B41BA89121D25EF7006B1D5B /* DCWebViewController.h */ = {isa = PBXFileReference; lastKnownFileType = sourcecode.c.h; path = DCWebViewController.h; sourceTree = "<group>"; };
		B41BA89221D25EF7006B1D5B /* DCWebViewController.m */ = {isa = PBXFileReference; lastKnownFileType = sourcecode.c.objc; path = DCWebViewController.m; sourceTree = "<group>"; };
		B41BA89321D25EF7006B1D5B /* DCWebViewController.xib */ = {isa = PBXFileReference; lastKnownFileType = file.xib; path = DCWebViewController.xib; sourceTree = "<group>"; };
		B44723F621BEF4A700CCD2E0 /* DCPublishViewController.m */ = {isa = PBXFileReference; fileEncoding = 4; lastKnownFileType = sourcecode.c.objc; path = DCPublishViewController.m; sourceTree = "<group>"; };
		B44723F721BEF4A700CCD2E0 /* DCPublishViewController.h */ = {isa = PBXFileReference; fileEncoding = 4; lastKnownFileType = sourcecode.c.h; path = DCPublishViewController.h; sourceTree = "<group>"; };
		B44723FC21BEF4A700CCD2E0 /* DCEssenceViewController.h */ = {isa = PBXFileReference; fileEncoding = 4; lastKnownFileType = sourcecode.c.h; path = DCEssenceViewController.h; sourceTree = "<group>"; };
		B44723FD21BEF4A700CCD2E0 /* DCEssenceViewController.m */ = {isa = PBXFileReference; fileEncoding = 4; lastKnownFileType = sourcecode.c.objc; path = DCEssenceViewController.m; sourceTree = "<group>"; };
		B447240221BEF4A700CCD2E0 /* DCMeViewController.m */ = {isa = PBXFileReference; fileEncoding = 4; lastKnownFileType = sourcecode.c.objc; path = DCMeViewController.m; sourceTree = "<group>"; };
		B447240321BEF4A700CCD2E0 /* DCMeViewController.h */ = {isa = PBXFileReference; fileEncoding = 4; lastKnownFileType = sourcecode.c.h; path = DCMeViewController.h; sourceTree = "<group>"; };
		B447240E21BEF4A700CCD2E0 /* DCTabBarController.h */ = {isa = PBXFileReference; fileEncoding = 4; lastKnownFileType = sourcecode.c.h; path = DCTabBarController.h; sourceTree = "<group>"; };
		B447240F21BEF4A700CCD2E0 /* DCTabBarController.m */ = {isa = PBXFileReference; fileEncoding = 4; lastKnownFileType = sourcecode.c.objc; path = DCTabBarController.m; sourceTree = "<group>"; };
		B447241F21C000F800CCD2E0 /* DCTabBar.h */ = {isa = PBXFileReference; fileEncoding = 4; lastKnownFileType = sourcecode.c.h; path = DCTabBar.h; sourceTree = "<group>"; };
		B447242021C000F900CCD2E0 /* DCTabBar.m */ = {isa = PBXFileReference; fileEncoding = 4; lastKnownFileType = sourcecode.c.objc; path = DCTabBar.m; sourceTree = "<group>"; };
		B447243121C2B8DF00CCD2E0 /* DCNavigationViewController.m */ = {isa = PBXFileReference; fileEncoding = 4; lastKnownFileType = sourcecode.c.objc; path = DCNavigationViewController.m; sourceTree = "<group>"; };
		B447243221C2B8DF00CCD2E0 /* DCNavigationViewController.h */ = {isa = PBXFileReference; fileEncoding = 4; lastKnownFileType = sourcecode.c.h; path = DCNavigationViewController.h; sourceTree = "<group>"; };
		B447243D21C3101300CCD2E0 /* DCSettingViewController.h */ = {isa = PBXFileReference; fileEncoding = 4; lastKnownFileType = sourcecode.c.h; path = DCSettingViewController.h; sourceTree = "<group>"; };
		B447243E21C3101300CCD2E0 /* DCSettingViewController.m */ = {isa = PBXFileReference; fileEncoding = 4; lastKnownFileType = sourcecode.c.objc; path = DCSettingViewController.m; sourceTree = "<group>"; };
		B49BFEFB21CECA7D00FC4825 /* DCADViewController.xib */ = {isa = PBXFileReference; fileEncoding = 4; lastKnownFileType = file.xib; path = DCADViewController.xib; sourceTree = "<group>"; };
		B49BFEFC21CECA7D00FC4825 /* DCADViewController.h */ = {isa = PBXFileReference; fileEncoding = 4; lastKnownFileType = sourcecode.c.h; path = DCADViewController.h; sourceTree = "<group>"; };
		B49BFEFD21CECA7D00FC4825 /* DCADViewController.m */ = {isa = PBXFileReference; fileEncoding = 4; lastKnownFileType = sourcecode.c.objc; path = DCADViewController.m; sourceTree = "<group>"; };
		B49BFEFF21CECA7D00FC4825 /* DCADitem.m */ = {isa = PBXFileReference; fileEncoding = 4; lastKnownFileType = sourcecode.c.objc; path = DCADitem.m; sourceTree = "<group>"; };
		B49BFF0021CECA7D00FC4825 /* DCADitem.h */ = {isa = PBXFileReference; fileEncoding = 4; lastKnownFileType = sourcecode.c.h; path = DCADitem.h; sourceTree = "<group>"; };
		B49BFF0221CECA7D00FC4825 /* ad.plist */ = {isa = PBXFileReference; fileEncoding = 4; lastKnownFileType = text.plist.xml; path = ad.plist; sourceTree = "<group>"; };
		B49BFF1B21D08B1700FC4825 /* DCBQTableViewController.h */ = {isa = PBXFileReference; fileEncoding = 4; lastKnownFileType = sourcecode.c.h; path = DCBQTableViewController.h; sourceTree = "<group>"; };
		B49BFF1C21D08B1700FC4825 /* DCNewViewController.m */ = {isa = PBXFileReference; fileEncoding = 4; lastKnownFileType = sourcecode.c.objc; path = DCNewViewController.m; sourceTree = "<group>"; };
		B49BFF1D21D08B1700FC4825 /* DCBQTableViewController.m */ = {isa = PBXFileReference; fileEncoding = 4; lastKnownFileType = sourcecode.c.objc; path = DCBQTableViewController.m; sourceTree = "<group>"; };
		B49BFF1E21D08B1700FC4825 /* DCNewViewController.h */ = {isa = PBXFileReference; fileEncoding = 4; lastKnownFileType = sourcecode.c.h; path = DCNewViewController.h; sourceTree = "<group>"; };
		B49BFF2021D08B1700FC4825 /* DCSubTagItem.h */ = {isa = PBXFileReference; fileEncoding = 4; lastKnownFileType = sourcecode.c.h; path = DCSubTagItem.h; sourceTree = "<group>"; };
		B49BFF2121D08B1700FC4825 /* DCSubTagItem.m */ = {isa = PBXFileReference; fileEncoding = 4; lastKnownFileType = sourcecode.c.objc; path = DCSubTagItem.m; sourceTree = "<group>"; };
		B49BFF2321D08B1700FC4825 /* DCSubTagCell.h */ = {isa = PBXFileReference; fileEncoding = 4; lastKnownFileType = sourcecode.c.h; path = DCSubTagCell.h; sourceTree = "<group>"; };
		B49BFF2421D08B1700FC4825 /* DCSubTagCell.m */ = {isa = PBXFileReference; fileEncoding = 4; lastKnownFileType = sourcecode.c.objc; path = DCSubTagCell.m; sourceTree = "<group>"; };
		B49BFF2521D08B1700FC4825 /* DCSubTagCell.xib */ = {isa = PBXFileReference; fileEncoding = 4; lastKnownFileType = file.xib; path = DCSubTagCell.xib; sourceTree = "<group>"; };
		B49BFF2D21D08F1500FC4825 /* DCLoginRegisterViewController.m */ = {isa = PBXFileReference; fileEncoding = 4; lastKnownFileType = sourcecode.c.objc; path = DCLoginRegisterViewController.m; sourceTree = "<group>"; };
		B49BFF2E21D08F1500FC4825 /* DCLoginRegisterViewController.xib */ = {isa = PBXFileReference; fileEncoding = 4; lastKnownFileType = file.xib; path = DCLoginRegisterViewController.xib; sourceTree = "<group>"; };
		B49BFF2F21D08F1500FC4825 /* DCFriendshipViewController.h */ = {isa = PBXFileReference; fileEncoding = 4; lastKnownFileType = sourcecode.c.h; path = DCFriendshipViewController.h; sourceTree = "<group>"; };
		B49BFF3021D08F1500FC4825 /* DCFriendshipViewController.xib */ = {isa = PBXFileReference; fileEncoding = 4; lastKnownFileType = file.xib; path = DCFriendshipViewController.xib; sourceTree = "<group>"; };
		B49BFF3121D08F1500FC4825 /* DCLoginRegisterViewController.h */ = {isa = PBXFileReference; fileEncoding = 4; lastKnownFileType = sourcecode.c.h; path = DCLoginRegisterViewController.h; sourceTree = "<group>"; };
		B49BFF3221D08F1500FC4825 /* DCFriendshipViewController.m */ = {isa = PBXFileReference; fileEncoding = 4; lastKnownFileType = sourcecode.c.objc; path = DCFriendshipViewController.m; sourceTree = "<group>"; };
		B49BFF3421D08F1500FC4825 /* DCFastLoginView.h */ = {isa = PBXFileReference; fileEncoding = 4; lastKnownFileType = sourcecode.c.h; path = DCFastLoginView.h; sourceTree = "<group>"; };
		B49BFF3521D08F1500FC4825 /* DCLoginRegisterView.h */ = {isa = PBXFileReference; fileEncoding = 4; lastKnownFileType = sourcecode.c.h; path = DCLoginRegisterView.h; sourceTree = "<group>"; };
		B49BFF3621D08F1500FC4825 /* DCFastButton.m */ = {isa = PBXFileReference; fileEncoding = 4; lastKnownFileType = sourcecode.c.objc; path = DCFastButton.m; sourceTree = "<group>"; };
		B49BFF3721D08F1500FC4825 /* DCTextField.m */ = {isa = PBXFileReference; fileEncoding = 4; lastKnownFileType = sourcecode.c.objc; path = DCTextField.m; sourceTree = "<group>"; };
		B49BFF3821D08F1500FC4825 /* DCFastLoginView.xib */ = {isa = PBXFileReference; fileEncoding = 4; lastKnownFileType = file.xib; path = DCFastLoginView.xib; sourceTree = "<group>"; };
		B49BFF3921D08F1500FC4825 /* DCLoginRegisterView.xib */ = {isa = PBXFileReference; fileEncoding = 4; lastKnownFileType = file.xib; path = DCLoginRegisterView.xib; sourceTree = "<group>"; };
		B49BFF3A21D08F1500FC4825 /* DCLoginRegisterView.m */ = {isa = PBXFileReference; fileEncoding = 4; lastKnownFileType = sourcecode.c.objc; path = DCLoginRegisterView.m; sourceTree = "<group>"; };
		B49BFF3B21D08F1500FC4825 /* DCFastLoginView.m */ = {isa = PBXFileReference; fileEncoding = 4; lastKnownFileType = sourcecode.c.objc; path = DCFastLoginView.m; sourceTree = "<group>"; };
		B49BFF3C21D08F1500FC4825 /* DCTextField.h */ = {isa = PBXFileReference; fileEncoding = 4; lastKnownFileType = sourcecode.c.h; path = DCTextField.h; sourceTree = "<group>"; };
		B49BFF3D21D08F1500FC4825 /* DCFastButton.h */ = {isa = PBXFileReference; fileEncoding = 4; lastKnownFileType = sourcecode.c.h; path = DCFastButton.h; sourceTree = "<group>"; };
		B49BFF4921D08F6400FC4825 /* UIView+Frame.m */ = {isa = PBXFileReference; fileEncoding = 4; lastKnownFileType = sourcecode.c.objc; path = "UIView+Frame.m"; sourceTree = "<group>"; };
		B49BFF4A21D08F6400FC4825 /* UIImage+image.m */ = {isa = PBXFileReference; fileEncoding = 4; lastKnownFileType = sourcecode.c.objc; path = "UIImage+image.m"; sourceTree = "<group>"; };
		B49BFF4B21D08F6400FC4825 /* UIBarButtonItem+Item.h */ = {isa = PBXFileReference; fileEncoding = 4; lastKnownFileType = sourcecode.c.h; path = "UIBarButtonItem+Item.h"; sourceTree = "<group>"; };
		B49BFF4C21D08F6400FC4825 /* UIBarButtonItem+Item.m */ = {isa = PBXFileReference; fileEncoding = 4; lastKnownFileType = sourcecode.c.objc; path = "UIBarButtonItem+Item.m"; sourceTree = "<group>"; };
		B49BFF4D21D08F6400FC4825 /* UIImage+image.h */ = {isa = PBXFileReference; fileEncoding = 4; lastKnownFileType = sourcecode.c.h; path = "UIImage+image.h"; sourceTree = "<group>"; };
		B49BFF4E21D08F6400FC4825 /* UIView+Frame.h */ = {isa = PBXFileReference; fileEncoding = 4; lastKnownFileType = sourcecode.c.h; path = "UIView+Frame.h"; sourceTree = "<group>"; };
		B4CFB07321C816D400D834BD /* LaunchImage@2x.png */ = {isa = PBXFileReference; lastKnownFileType = image.png; path = "LaunchImage@2x.png"; sourceTree = "<group>"; };
		B4CFB07421C816D400D834BD /* LaunchImage-568h@2x.png */ = {isa = PBXFileReference; lastKnownFileType = image.png; path = "LaunchImage-568h@2x.png"; sourceTree = "<group>"; };
		B4CFB07521C816D400D834BD /* LaunchImage-800-667h@2x.png */ = {isa = PBXFileReference; lastKnownFileType = image.png; path = "LaunchImage-800-667h@2x.png"; sourceTree = "<group>"; };
		B4CFB07621C816D400D834BD /* LaunchImage-800-Portrait-736h@3x.png */ = {isa = PBXFileReference; lastKnownFileType = image.png; path = "LaunchImage-800-Portrait-736h@3x.png"; sourceTree = "<group>"; };
		B4CFB07721C816D400D834BD /* LaunchImage-700@2x.png */ = {isa = PBXFileReference; lastKnownFileType = image.png; path = "LaunchImage-700@2x.png"; sourceTree = "<group>"; };
		B4CFB07821C816D400D834BD /* LaunchImage-700-568h@2x.png */ = {isa = PBXFileReference; lastKnownFileType = image.png; path = "LaunchImage-700-568h@2x.png"; sourceTree = "<group>"; };
		B4CFB07921C816D400D834BD /* LaunchImage.png */ = {isa = PBXFileReference; lastKnownFileType = image.png; path = LaunchImage.png; sourceTree = "<group>"; };
		B4F8AB3821A701A200FB6C7A /* 抖词.app */ = {isa = PBXFileReference; explicitFileType = wrapper.application; includeInIndex = 0; path = "抖词.app"; sourceTree = BUILT_PRODUCTS_DIR; };
		B4F8AB3B21A701A200FB6C7A /* AppDelegate.h */ = {isa = PBXFileReference; lastKnownFileType = sourcecode.c.h; path = AppDelegate.h; sourceTree = "<group>"; };
		B4F8AB3C21A701A200FB6C7A /* AppDelegate.m */ = {isa = PBXFileReference; lastKnownFileType = sourcecode.c.objc; path = AppDelegate.m; sourceTree = "<group>"; };
		B4F8AB4521A701A200FB6C7A /* Base */ = {isa = PBXFileReference; lastKnownFileType = file.storyboard; name = Base; path = Base.lproj/Main.storyboard; sourceTree = "<group>"; };
		B4F8AB4721A701A300FB6C7A /* Assets.xcassets */ = {isa = PBXFileReference; lastKnownFileType = folder.assetcatalog; path = Assets.xcassets; sourceTree = "<group>"; };
		B4F8AB4A21A701A300FB6C7A /* Base */ = {isa = PBXFileReference; lastKnownFileType = file.storyboard; name = Base; path = Base.lproj/LaunchScreen.storyboard; sourceTree = "<group>"; };
		B4F8AB4C21A701A300FB6C7A /* Info.plist */ = {isa = PBXFileReference; lastKnownFileType = text.plist.xml; path = Info.plist; sourceTree = "<group>"; };
		B4F8AB4D21A701A300FB6C7A /* main.m */ = {isa = PBXFileReference; lastKnownFileType = sourcecode.c.objc; path = main.m; sourceTree = "<group>"; };
		B4F8AB9F21A975D800FB6C7A /* JPVideoPlayerDouyinViewController.h */ = {isa = PBXFileReference; fileEncoding = 4; lastKnownFileType = sourcecode.c.h; path = JPVideoPlayerDouyinViewController.h; sourceTree = "<group>"; };
		B4F8ABA021A975D800FB6C7A /* JPVideoPlayerDouyinViewController.m */ = {isa = PBXFileReference; fileEncoding = 4; lastKnownFileType = sourcecode.c.objc; path = JPVideoPlayerDouyinViewController.m; sourceTree = "<group>"; };
		B4F8ABA221A9761800FB6C7A /* JPVideoPlayerKit.h */ = {isa = PBXFileReference; lastKnownFileType = sourcecode.c.h; name = JPVideoPlayerKit.h; path = "抖词/JPVideoPlayerKit.h"; sourceTree = SOURCE_ROOT; };
		B4F8ABA421A9763900FB6C7A /* JPVideoPlayerManager.h */ = {isa = PBXFileReference; fileEncoding = 4; lastKnownFileType = sourcecode.c.h; path = JPVideoPlayerManager.h; sourceTree = "<group>"; };
		B4F8ABA521A9763900FB6C7A /* UITableView+WebVideoCache.h */ = {isa = PBXFileReference; fileEncoding = 4; lastKnownFileType = sourcecode.c.h; path = "UITableView+WebVideoCache.h"; sourceTree = "<group>"; };
		B4F8ABA621A9763900FB6C7A /* JPVideoPlayerDownloader.m */ = {isa = PBXFileReference; fileEncoding = 4; lastKnownFileType = sourcecode.c.objc; path = JPVideoPlayerDownloader.m; sourceTree = "<group>"; };
		B4F8ABA721A9763900FB6C7A /* JPVideoPlayerCache.m */ = {isa = PBXFileReference; fileEncoding = 4; lastKnownFileType = sourcecode.c.objc; path = JPVideoPlayerCache.m; sourceTree = "<group>"; };
		B4F8ABA821A9763900FB6C7A /* JPVideoPlayerCacheFile.h */ = {isa = PBXFileReference; fileEncoding = 4; lastKnownFileType = sourcecode.c.h; path = JPVideoPlayerCacheFile.h; sourceTree = "<group>"; };
		B4F8ABA921A9763900FB6C7A /* JPVideoPlayerControlViews.h */ = {isa = PBXFileReference; fileEncoding = 4; lastKnownFileType = sourcecode.c.h; path = JPVideoPlayerControlViews.h; sourceTree = "<group>"; };
		B4F8ABAA21A9763900FB6C7A /* UIView+WebVideoCache.m */ = {isa = PBXFileReference; fileEncoding = 4; lastKnownFileType = sourcecode.c.objc; path = "UIView+WebVideoCache.m"; sourceTree = "<group>"; };
		B4F8ABAB21A9763900FB6C7A /* JPVideoPlayerCompat.m */ = {isa = PBXFileReference; fileEncoding = 4; lastKnownFileType = sourcecode.c.objc; path = JPVideoPlayerCompat.m; sourceTree = "<group>"; };
		B4F8ABAC21A9763900FB6C7A /* JPVideoPlayerProtocol.h */ = {isa = PBXFileReference; fileEncoding = 4; lastKnownFileType = sourcecode.c.h; path = JPVideoPlayerProtocol.h; sourceTree = "<group>"; };
		B4F8ABAD21A9763900FB6C7A /* JPVideoPlayerKit.h */ = {isa = PBXFileReference; fileEncoding = 4; lastKnownFileType = sourcecode.c.h; path = JPVideoPlayerKit.h; sourceTree = "<group>"; };
		B4F8ABAE21A9763900FB6C7A /* JPVideoPlayer.h */ = {isa = PBXFileReference; fileEncoding = 4; lastKnownFileType = sourcecode.c.h; path = JPVideoPlayer.h; sourceTree = "<group>"; };
		B4F8ABAF21A9763900FB6C7A /* JPVideoPlayerResourceLoader.m */ = {isa = PBXFileReference; fileEncoding = 4; lastKnownFileType = sourcecode.c.objc; path = JPVideoPlayerResourceLoader.m; sourceTree = "<group>"; };
		B4F8ABB021A9763900FB6C7A /* JPResourceLoadingRequestTask.h */ = {isa = PBXFileReference; fileEncoding = 4; lastKnownFileType = sourcecode.c.h; path = JPResourceLoadingRequestTask.h; sourceTree = "<group>"; };
		B4F8ABB121A9763900FB6C7A /* JPVideoPlayerCachePath.h */ = {isa = PBXFileReference; fileEncoding = 4; lastKnownFileType = sourcecode.c.h; path = JPVideoPlayerCachePath.h; sourceTree = "<group>"; };
		B4F8ABB221A9763900FB6C7A /* UITableViewCell+WebVideoCache.h */ = {isa = PBXFileReference; fileEncoding = 4; lastKnownFileType = sourcecode.c.h; path = "UITableViewCell+WebVideoCache.h"; sourceTree = "<group>"; };
		B4F8ABB321A9763900FB6C7A /* JPVideoPlayerSupportUtils.h */ = {isa = PBXFileReference; fileEncoding = 4; lastKnownFileType = sourcecode.c.h; path = JPVideoPlayerSupportUtils.h; sourceTree = "<group>"; };
		B4F8ABB421A9763900FB6C7A /* JPVideoPlayerCacheFile.m */ = {isa = PBXFileReference; fileEncoding = 4; lastKnownFileType = sourcecode.c.objc; path = JPVideoPlayerCacheFile.m; sourceTree = "<group>"; };
		B4F8ABB521A9763900FB6C7A /* JPVideoPlayerControlViews.m */ = {isa = PBXFileReference; fileEncoding = 4; lastKnownFileType = sourcecode.c.objc; path = JPVideoPlayerControlViews.m; sourceTree = "<group>"; };
		B4F8ABB621A9763900FB6C7A /* JPVideoPlayerCache.h */ = {isa = PBXFileReference; fileEncoding = 4; lastKnownFileType = sourcecode.c.h; path = JPVideoPlayerCache.h; sourceTree = "<group>"; };
		B4F8ABB721A9763900FB6C7A /* JPVideoPlayer.bundle */ = {isa = PBXFileReference; lastKnownFileType = "wrapper.plug-in"; path = JPVideoPlayer.bundle; sourceTree = "<group>"; };
		B4F8ABB821A9763900FB6C7A /* JPVideoPlayerDownloader.h */ = {isa = PBXFileReference; fileEncoding = 4; lastKnownFileType = sourcecode.c.h; path = JPVideoPlayerDownloader.h; sourceTree = "<group>"; };
		B4F8ABB921A9763900FB6C7A /* UITableView+WebVideoCache.m */ = {isa = PBXFileReference; fileEncoding = 4; lastKnownFileType = sourcecode.c.objc; path = "UITableView+WebVideoCache.m"; sourceTree = "<group>"; };
		B4F8ABBA21A9763900FB6C7A /* JPVideoPlayerManager.m */ = {isa = PBXFileReference; fileEncoding = 4; lastKnownFileType = sourcecode.c.objc; path = JPVideoPlayerManager.m; sourceTree = "<group>"; };
		B4F8ABBB21A9763900FB6C7A /* JPVideoPlayerCompat.h */ = {isa = PBXFileReference; fileEncoding = 4; lastKnownFileType = sourcecode.c.h; path = JPVideoPlayerCompat.h; sourceTree = "<group>"; };
		B4F8ABBC21A9763900FB6C7A /* UIView+WebVideoCache.h */ = {isa = PBXFileReference; fileEncoding = 4; lastKnownFileType = sourcecode.c.h; path = "UIView+WebVideoCache.h"; sourceTree = "<group>"; };
		B4F8ABBD21A9763900FB6C7A /* JPVideoPlayerResourceLoader.h */ = {isa = PBXFileReference; fileEncoding = 4; lastKnownFileType = sourcecode.c.h; path = JPVideoPlayerResourceLoader.h; sourceTree = "<group>"; };
		B4F8ABBE21A9763900FB6C7A /* JPVideoPlayer.m */ = {isa = PBXFileReference; fileEncoding = 4; lastKnownFileType = sourcecode.c.objc; path = JPVideoPlayer.m; sourceTree = "<group>"; };
		B4F8ABBF21A9763900FB6C7A /* JPVideoPlayerSupportUtils.m */ = {isa = PBXFileReference; fileEncoding = 4; lastKnownFileType = sourcecode.c.objc; path = JPVideoPlayerSupportUtils.m; sourceTree = "<group>"; };
		B4F8ABC021A9763900FB6C7A /* UITableViewCell+WebVideoCache.m */ = {isa = PBXFileReference; fileEncoding = 4; lastKnownFileType = sourcecode.c.objc; path = "UITableViewCell+WebVideoCache.m"; sourceTree = "<group>"; };
		B4F8ABC121A9763900FB6C7A /* JPVideoPlayerCachePath.m */ = {isa = PBXFileReference; fileEncoding = 4; lastKnownFileType = sourcecode.c.objc; path = JPVideoPlayerCachePath.m; sourceTree = "<group>"; };
		B4F8ABC221A9763900FB6C7A /* JPResourceLoadingRequestTask.m */ = {isa = PBXFileReference; fileEncoding = 4; lastKnownFileType = sourcecode.c.objc; path = JPResourceLoadingRequestTask.m; sourceTree = "<group>"; };
/* End PBXFileReference section */

/* Begin PBXFrameworksBuildPhase section */
		B4F8AB3521A701A200FB6C7A /* Frameworks */ = {
			isa = PBXFrameworksBuildPhase;
			buildActionMask = 2147483647;
			files = (
				9BF170E4FBECC2BECE02C45B /* libPods-抖词.a in Frameworks */,
			);
			runOnlyForDeploymentPostprocessing = 0;
		};
/* End PBXFrameworksBuildPhase section */

/* Begin PBXGroup section */
		61BF16C3CF4D77015BE697DD /* Pods */ = {
			isa = PBXGroup;
			children = (
				21D229EE3ACDB1BDBEAB6836 /* Pods-抖词.debug.xcconfig */,
				AAE1F0DF6EADF8F191C60221 /* Pods-抖词.release.xcconfig */,
			);
			name = Pods;
			sourceTree = "<group>";
		};
		B44723EC21BEF38F00CCD2E0 /* Other */ = {
			isa = PBXGroup;
			children = (
				B49BFF4821D08F6400FC4825 /* Category */,
				B4F8AB3B21A701A200FB6C7A /* AppDelegate.h */,
				B4F8AB3C21A701A200FB6C7A /* AppDelegate.m */,
				B4F8AB4D21A701A300FB6C7A /* main.m */,
			);
			path = Other;
			sourceTree = "<group>";
		};
		B44723ED21BEF4A700CCD2E0 /* Classes */ = {
			isa = PBXGroup;
			children = (
				B49BFF2B21D08F1500FC4825 /* FriendTrend */,
				B49BFF1921D08B1700FC4825 /* New */,
				B49BFEF921CECA7D00FC4825 /* AD */,
				B447243B21C3101300CCD2E0 /* Setting */,
				B44723F421BEF4A700CCD2E0 /* Publish */,
				B44723FA21BEF4A700CCD2E0 /* Essence */,
				B447240021BEF4A700CCD2E0 /* Me */,
				B447240C21BEF4A700CCD2E0 /* Main */,
			);
			path = Classes;
			sourceTree = "<group>";
		};
		B44723F421BEF4A700CCD2E0 /* Publish */ = {
			isa = PBXGroup;
			children = (
				B44723F521BEF4A700CCD2E0 /* Controller */,
				B44723F821BEF4A700CCD2E0 /* Model */,
				B44723F921BEF4A700CCD2E0 /* View */,
			);
			path = Publish;
			sourceTree = "<group>";
		};
		B44723F521BEF4A700CCD2E0 /* Controller */ = {
			isa = PBXGroup;
			children = (
				B44723F621BEF4A700CCD2E0 /* DCPublishViewController.m */,
				B44723F721BEF4A700CCD2E0 /* DCPublishViewController.h */,
			);
			path = Controller;
			sourceTree = "<group>";
		};
		B44723F821BEF4A700CCD2E0 /* Model */ = {
			isa = PBXGroup;
			children = (
			);
			path = Model;
			sourceTree = "<group>";
		};
		B44723F921BEF4A700CCD2E0 /* View */ = {
			isa = PBXGroup;
			children = (
			);
			path = View;
			sourceTree = "<group>";
		};
		B44723FA21BEF4A700CCD2E0 /* Essence */ = {
			isa = PBXGroup;
			children = (
				B44723FB21BEF4A700CCD2E0 /* Controller */,
				B44723FE21BEF4A700CCD2E0 /* Model */,
				B44723FF21BEF4A700CCD2E0 /* View */,
			);
			path = Essence;
			sourceTree = "<group>";
		};
		B44723FB21BEF4A700CCD2E0 /* Controller */ = {
			isa = PBXGroup;
			children = (
				B44723FC21BEF4A700CCD2E0 /* DCEssenceViewController.h */,
				B44723FD21BEF4A700CCD2E0 /* DCEssenceViewController.m */,
			);
			path = Controller;
			sourceTree = "<group>";
		};
		B44723FE21BEF4A700CCD2E0 /* Model */ = {
			isa = PBXGroup;
			children = (
			);
			path = Model;
			sourceTree = "<group>";
		};
		B44723FF21BEF4A700CCD2E0 /* View */ = {
			isa = PBXGroup;
			children = (
			);
			path = View;
			sourceTree = "<group>";
		};
		B447240021BEF4A700CCD2E0 /* Me */ = {
			isa = PBXGroup;
			children = (
				B447240121BEF4A700CCD2E0 /* Controller */,
				B447240421BEF4A700CCD2E0 /* Model */,
				B447240521BEF4A700CCD2E0 /* View */,
			);
			path = Me;
			sourceTree = "<group>";
		};
		B447240121BEF4A700CCD2E0 /* Controller */ = {
			isa = PBXGroup;
			children = (
				B447240321BEF4A700CCD2E0 /* DCMeViewController.h */,
				B447240221BEF4A700CCD2E0 /* DCMeViewController.m */,
				B41BA88121D0CDE0006B1D5B /* DCMeViewController.storyboard */,
				B41BA89121D25EF7006B1D5B /* DCWebViewController.h */,
				B41BA89221D25EF7006B1D5B /* DCWebViewController.m */,
				B41BA89321D25EF7006B1D5B /* DCWebViewController.xib */,
			);
			path = Controller;
			sourceTree = "<group>";
		};
		B447240421BEF4A700CCD2E0 /* Model */ = {
			isa = PBXGroup;
			children = (
				B41BA88B21D13029006B1D5B /* DCSquareItem.h */,
				B41BA88C21D13029006B1D5B /* DCSquareItem.m */,
			);
			path = Model;
			sourceTree = "<group>";
		};
		B447240521BEF4A700CCD2E0 /* View */ = {
			isa = PBXGroup;
			children = (
				B41BA88621D10B91006B1D5B /* DCSquareCell.h */,
				B41BA88721D10B91006B1D5B /* DCSquareCell.m */,
				B41BA88821D10B91006B1D5B /* DCSquareCell.xib */,
			);
			path = View;
			sourceTree = "<group>";
		};
		B447240C21BEF4A700CCD2E0 /* Main */ = {
			isa = PBXGroup;
			children = (
				B447240D21BEF4A700CCD2E0 /* Controller */,
				B447241021BEF4A700CCD2E0 /* Model */,
				B447241121BEF4A700CCD2E0 /* View */,
			);
			path = Main;
			sourceTree = "<group>";
		};
		B447240D21BEF4A700CCD2E0 /* Controller */ = {
			isa = PBXGroup;
			children = (
				B447240E21BEF4A700CCD2E0 /* DCTabBarController.h */,
				B447240F21BEF4A700CCD2E0 /* DCTabBarController.m */,
				B447243221C2B8DF00CCD2E0 /* DCNavigationViewController.h */,
				B447243121C2B8DF00CCD2E0 /* DCNavigationViewController.m */,
			);
			path = Controller;
			sourceTree = "<group>";
		};
		B447241021BEF4A700CCD2E0 /* Model */ = {
			isa = PBXGroup;
			children = (
			);
			path = Model;
			sourceTree = "<group>";
		};
		B447241121BEF4A700CCD2E0 /* View */ = {
			isa = PBXGroup;
			children = (
				B447241F21C000F800CCD2E0 /* DCTabBar.h */,
				B447242021C000F900CCD2E0 /* DCTabBar.m */,
			);
			path = View;
			sourceTree = "<group>";
		};
		B447243B21C3101300CCD2E0 /* Setting */ = {
			isa = PBXGroup;
			children = (
				B447243C21C3101300CCD2E0 /* Controller */,
				B447243F21C3101300CCD2E0 /* Model */,
				B447244021C3101300CCD2E0 /* View */,
			);
			path = Setting;
			sourceTree = "<group>";
		};
		B447243C21C3101300CCD2E0 /* Controller */ = {
			isa = PBXGroup;
			children = (
				B447243D21C3101300CCD2E0 /* DCSettingViewController.h */,
				B447243E21C3101300CCD2E0 /* DCSettingViewController.m */,
			);
			path = Controller;
			sourceTree = "<group>";
		};
		B447243F21C3101300CCD2E0 /* Model */ = {
			isa = PBXGroup;
			children = (
			);
			path = Model;
			sourceTree = "<group>";
		};
		B447244021C3101300CCD2E0 /* View */ = {
			isa = PBXGroup;
			children = (
			);
			path = View;
			sourceTree = "<group>";
		};
		B49BFEF921CECA7D00FC4825 /* AD */ = {
			isa = PBXGroup;
			children = (
				B49BFEFA21CECA7D00FC4825 /* Controller */,
				B49BFEFE21CECA7D00FC4825 /* Model */,
				B49BFF0121CECA7D00FC4825 /* View */,
				B49BFF0221CECA7D00FC4825 /* ad.plist */,
			);
			path = AD;
			sourceTree = "<group>";
		};
		B49BFEFA21CECA7D00FC4825 /* Controller */ = {
			isa = PBXGroup;
			children = (
				B49BFEFB21CECA7D00FC4825 /* DCADViewController.xib */,
				B49BFEFC21CECA7D00FC4825 /* DCADViewController.h */,
				B49BFEFD21CECA7D00FC4825 /* DCADViewController.m */,
			);
			path = Controller;
			sourceTree = "<group>";
		};
		B49BFEFE21CECA7D00FC4825 /* Model */ = {
			isa = PBXGroup;
			children = (
				B49BFEFF21CECA7D00FC4825 /* DCADitem.m */,
				B49BFF0021CECA7D00FC4825 /* DCADitem.h */,
			);
			path = Model;
			sourceTree = "<group>";
		};
		B49BFF0121CECA7D00FC4825 /* View */ = {
			isa = PBXGroup;
			children = (
			);
			path = View;
			sourceTree = "<group>";
		};
		B49BFF1921D08B1700FC4825 /* New */ = {
			isa = PBXGroup;
			children = (
				B49BFF1A21D08B1700FC4825 /* Controller */,
				B49BFF1F21D08B1700FC4825 /* Model */,
				B49BFF2221D08B1700FC4825 /* View */,
			);
			name = New;
			path = "../../../../明日头条/明日头条/Classes/New";
			sourceTree = "<group>";
		};
		B49BFF1A21D08B1700FC4825 /* Controller */ = {
			isa = PBXGroup;
			children = (
				B49BFF1B21D08B1700FC4825 /* DCBQTableViewController.h */,
				B49BFF1C21D08B1700FC4825 /* DCNewViewController.m */,
				B49BFF1D21D08B1700FC4825 /* DCBQTableViewController.m */,
				B49BFF1E21D08B1700FC4825 /* DCNewViewController.h */,
			);
			path = Controller;
			sourceTree = "<group>";
		};
		B49BFF1F21D08B1700FC4825 /* Model */ = {
			isa = PBXGroup;
			children = (
				B49BFF2021D08B1700FC4825 /* DCSubTagItem.h */,
				B49BFF2121D08B1700FC4825 /* DCSubTagItem.m */,
			);
			path = Model;
			sourceTree = "<group>";
		};
		B49BFF2221D08B1700FC4825 /* View */ = {
			isa = PBXGroup;
			children = (
				B49BFF2321D08B1700FC4825 /* DCSubTagCell.h */,
				B49BFF2421D08B1700FC4825 /* DCSubTagCell.m */,
				B49BFF2521D08B1700FC4825 /* DCSubTagCell.xib */,
			);
			path = View;
			sourceTree = "<group>";
		};
		B49BFF2B21D08F1500FC4825 /* FriendTrend */ = {
			isa = PBXGroup;
			children = (
				B49BFF2C21D08F1500FC4825 /* Controller */,
				B49BFF3321D08F1500FC4825 /* View */,
			);
			name = FriendTrend;
			path = "../../../../明日头条/明日头条/Classes/FriendTrend";
			sourceTree = "<group>";
		};
		B49BFF2C21D08F1500FC4825 /* Controller */ = {
			isa = PBXGroup;
			children = (
				B49BFF2D21D08F1500FC4825 /* DCLoginRegisterViewController.m */,
				B49BFF2E21D08F1500FC4825 /* DCLoginRegisterViewController.xib */,
				B49BFF2F21D08F1500FC4825 /* DCFriendshipViewController.h */,
				B49BFF3021D08F1500FC4825 /* DCFriendshipViewController.xib */,
				B49BFF3121D08F1500FC4825 /* DCLoginRegisterViewController.h */,
				B49BFF3221D08F1500FC4825 /* DCFriendshipViewController.m */,
			);
			path = Controller;
			sourceTree = "<group>";
		};
		B49BFF3321D08F1500FC4825 /* View */ = {
			isa = PBXGroup;
			children = (
				B49BFF3421D08F1500FC4825 /* DCFastLoginView.h */,
				B49BFF3521D08F1500FC4825 /* DCLoginRegisterView.h */,
				B49BFF3621D08F1500FC4825 /* DCFastButton.m */,
				B49BFF3721D08F1500FC4825 /* DCTextField.m */,
				B49BFF3821D08F1500FC4825 /* DCFastLoginView.xib */,
				B49BFF3921D08F1500FC4825 /* DCLoginRegisterView.xib */,
				B49BFF3A21D08F1500FC4825 /* DCLoginRegisterView.m */,
				B49BFF3B21D08F1500FC4825 /* DCFastLoginView.m */,
				B49BFF3C21D08F1500FC4825 /* DCTextField.h */,
				B49BFF3D21D08F1500FC4825 /* DCFastButton.h */,
			);
			path = View;
			sourceTree = "<group>";
		};
		B49BFF4821D08F6400FC4825 /* Category */ = {
			isa = PBXGroup;
			children = (
				B49BFF4921D08F6400FC4825 /* UIView+Frame.m */,
				B49BFF4A21D08F6400FC4825 /* UIImage+image.m */,
				B49BFF4B21D08F6400FC4825 /* UIBarButtonItem+Item.h */,
				B49BFF4C21D08F6400FC4825 /* UIBarButtonItem+Item.m */,
				B49BFF4D21D08F6400FC4825 /* UIImage+image.h */,
				B49BFF4E21D08F6400FC4825 /* UIView+Frame.h */,
			);
			name = Category;
			path = "../../../../明日头条/明日头条/Other/Category";
			sourceTree = "<group>";
		};
		B4CFB07221C816D400D834BD /* QDTP */ = {
			isa = PBXGroup;
			children = (
				B4CFB07321C816D400D834BD /* LaunchImage@2x.png */,
				B4CFB07421C816D400D834BD /* LaunchImage-568h@2x.png */,
				B4CFB07521C816D400D834BD /* LaunchImage-800-667h@2x.png */,
				B4CFB07621C816D400D834BD /* LaunchImage-800-Portrait-736h@3x.png */,
				B4CFB07721C816D400D834BD /* LaunchImage-700@2x.png */,
				B4CFB07821C816D400D834BD /* LaunchImage-700-568h@2x.png */,
				B4CFB07921C816D400D834BD /* LaunchImage.png */,
			);
			path = QDTP;
			sourceTree = "<group>";
		};
		B4F8AB2F21A701A200FB6C7A = {
			isa = PBXGroup;
			children = (
				B4F8AB3A21A701A200FB6C7A /* 抖词 */,
				B4F8AB3921A701A200FB6C7A /* Products */,
				61BF16C3CF4D77015BE697DD /* Pods */,
				E829B4D063D2965D51480068 /* Frameworks */,
			);
			sourceTree = "<group>";
		};
		B4F8AB3921A701A200FB6C7A /* Products */ = {
			isa = PBXGroup;
			children = (
				B4F8AB3821A701A200FB6C7A /* 抖词.app */,
			);
			name = Products;
			sourceTree = "<group>";
		};
		B4F8AB3A21A701A200FB6C7A /* 抖词 */ = {
			isa = PBXGroup;
			children = (
				B44723ED21BEF4A700CCD2E0 /* Classes */,
				B4F8AB9F21A975D800FB6C7A /* JPVideoPlayerDouyinViewController.h */,
				B4F8ABA021A975D800FB6C7A /* JPVideoPlayerDouyinViewController.m */,
				B4F8AB4421A701A200FB6C7A /* Main.storyboard */,
				B4F8AB4721A701A300FB6C7A /* Assets.xcassets */,
				B4CFB07221C816D400D834BD /* QDTP */,
				B4F8AB4921A701A300FB6C7A /* LaunchScreen.storyboard */,
				B4F8AB4C21A701A300FB6C7A /* Info.plist */,
				B44723EC21BEF38F00CCD2E0 /* Other */,
				B4F8ABA321A9763900FB6C7A /* JPVideoPlayer */,
			);
			path = "抖词";
			sourceTree = "<group>";
		};
		B4F8ABA321A9763900FB6C7A /* JPVideoPlayer */ = {
			isa = PBXGroup;
			children = (
				B4F8ABA221A9761800FB6C7A /* JPVideoPlayerKit.h */,
				B4F8ABA421A9763900FB6C7A /* JPVideoPlayerManager.h */,
				B4F8ABA521A9763900FB6C7A /* UITableView+WebVideoCache.h */,
				B4F8ABA621A9763900FB6C7A /* JPVideoPlayerDownloader.m */,
				B4F8ABA721A9763900FB6C7A /* JPVideoPlayerCache.m */,
				B4F8ABA821A9763900FB6C7A /* JPVideoPlayerCacheFile.h */,
				B4F8ABA921A9763900FB6C7A /* JPVideoPlayerControlViews.h */,
				B4F8ABAA21A9763900FB6C7A /* UIView+WebVideoCache.m */,
				B4F8ABAB21A9763900FB6C7A /* JPVideoPlayerCompat.m */,
				B4F8ABAC21A9763900FB6C7A /* JPVideoPlayerProtocol.h */,
				B4F8ABAD21A9763900FB6C7A /* JPVideoPlayerKit.h */,
				B4F8ABAE21A9763900FB6C7A /* JPVideoPlayer.h */,
				B4F8ABAF21A9763900FB6C7A /* JPVideoPlayerResourceLoader.m */,
				B4F8ABB021A9763900FB6C7A /* JPResourceLoadingRequestTask.h */,
				B4F8ABB121A9763900FB6C7A /* JPVideoPlayerCachePath.h */,
				B4F8ABB221A9763900FB6C7A /* UITableViewCell+WebVideoCache.h */,
				B4F8ABB321A9763900FB6C7A /* JPVideoPlayerSupportUtils.h */,
				B4F8ABB421A9763900FB6C7A /* JPVideoPlayerCacheFile.m */,
				B4F8ABB521A9763900FB6C7A /* JPVideoPlayerControlViews.m */,
				B4F8ABB621A9763900FB6C7A /* JPVideoPlayerCache.h */,
				B4F8ABB721A9763900FB6C7A /* JPVideoPlayer.bundle */,
				B4F8ABB821A9763900FB6C7A /* JPVideoPlayerDownloader.h */,
				B4F8ABB921A9763900FB6C7A /* UITableView+WebVideoCache.m */,
				B4F8ABBA21A9763900FB6C7A /* JPVideoPlayerManager.m */,
				B4F8ABBB21A9763900FB6C7A /* JPVideoPlayerCompat.h */,
				B4F8ABBC21A9763900FB6C7A /* UIView+WebVideoCache.h */,
				B4F8ABBD21A9763900FB6C7A /* JPVideoPlayerResourceLoader.h */,
				B4F8ABBE21A9763900FB6C7A /* JPVideoPlayer.m */,
				B4F8ABBF21A9763900FB6C7A /* JPVideoPlayerSupportUtils.m */,
				B4F8ABC021A9763900FB6C7A /* UITableViewCell+WebVideoCache.m */,
				B4F8ABC121A9763900FB6C7A /* JPVideoPlayerCachePath.m */,
				B4F8ABC221A9763900FB6C7A /* JPResourceLoadingRequestTask.m */,
			);
			path = JPVideoPlayer;
			sourceTree = "<group>";
		};
		E829B4D063D2965D51480068 /* Frameworks */ = {
			isa = PBXGroup;
			children = (
				16E75BE723F44D1DC0218083 /* libPods-抖词.a */,
			);
			name = Frameworks;
			sourceTree = "<group>";
		};
/* End PBXGroup section */

/* Begin PBXNativeTarget section */
		B4F8AB3721A701A200FB6C7A /* 抖词 */ = {
			isa = PBXNativeTarget;
			buildConfigurationList = B4F8AB5121A701A300FB6C7A /* Build configuration list for PBXNativeTarget "抖词" */;
			buildPhases = (
				D6845F2F932EA0F4427FD8FB /* [CP] Check Pods Manifest.lock */,
				B4F8AB3421A701A200FB6C7A /* Sources */,
				B4F8AB3521A701A200FB6C7A /* Frameworks */,
				B4F8AB3621A701A200FB6C7A /* Resources */,
				359702CB3F5E8E3FD940ED4C /* [CP] Copy Pods Resources */,
			);
			buildRules = (
			);
			dependencies = (
			);
			name = "抖词";
			productName = "抖词";
			productReference = B4F8AB3821A701A200FB6C7A /* 抖词.app */;
			productType = "com.apple.product-type.application";
		};
/* End PBXNativeTarget section */

/* Begin PBXProject section */
		B4F8AB3021A701A200FB6C7A /* Project object */ = {
			isa = PBXProject;
			attributes = {
				LastUpgradeCheck = 0940;
				ORGANIZATIONNAME = "董成";
				TargetAttributes = {
					B4F8AB3721A701A200FB6C7A = {
						CreatedOnToolsVersion = 9.4.1;
					};
				};
			};
			buildConfigurationList = B4F8AB3321A701A200FB6C7A /* Build configuration list for PBXProject "抖词" */;
			compatibilityVersion = "Xcode 9.3";
			developmentRegion = en;
			hasScannedForEncodings = 0;
			knownRegions = (
				en,
				Base,
			);
			mainGroup = B4F8AB2F21A701A200FB6C7A;
			productRefGroup = B4F8AB3921A701A200FB6C7A /* Products */;
			projectDirPath = "";
			projectRoot = "";
			targets = (
				B4F8AB3721A701A200FB6C7A /* 抖词 */,
			);
		};
/* End PBXProject section */

/* Begin PBXResourcesBuildPhase section */
		B4F8AB3621A701A200FB6C7A /* Resources */ = {
			isa = PBXResourcesBuildPhase;
			buildActionMask = 2147483647;
			files = (
				B4CFB08021C816D400D834BD /* LaunchImage.png in Resources */,
				B49BFF4021D08F1500FC4825 /* DCFriendshipViewController.xib in Resources */,
				B41BA89521D25EF7006B1D5B /* DCWebViewController.xib in Resources */,
				B4CFB07A21C816D400D834BD /* LaunchImage@2x.png in Resources */,
				B41BA88221D0CDE0006B1D5B /* DCMeViewController.storyboard in Resources */,
				B49BFF0321CECA7E00FC4825 /* DCADViewController.xib in Resources */,
				B4F8AB4B21A701A300FB6C7A /* LaunchScreen.storyboard in Resources */,
				B4CFB07F21C816D400D834BD /* LaunchImage-700-568h@2x.png in Resources */,
				B4CFB07E21C816D400D834BD /* LaunchImage-700@2x.png in Resources */,
				B4CFB07B21C816D400D834BD /* LaunchImage-568h@2x.png in Resources */,
				B49BFF3F21D08F1500FC4825 /* DCLoginRegisterViewController.xib in Resources */,
				B4F8ABCA21A9763A00FB6C7A /* JPVideoPlayer.bundle in Resources */,
				B49BFF4421D08F1500FC4825 /* DCFastLoginView.xib in Resources */,
				B49BFF2A21D08B1700FC4825 /* DCSubTagCell.xib in Resources */,
				B41BA88A21D10B91006B1D5B /* DCSquareCell.xib in Resources */,
				B49BFF0621CECA7E00FC4825 /* ad.plist in Resources */,
				B4CFB07C21C816D400D834BD /* LaunchImage-800-667h@2x.png in Resources */,
				B4F8AB4821A701A300FB6C7A /* Assets.xcassets in Resources */,
				B4F8AB4621A701A200FB6C7A /* Main.storyboard in Resources */,
				B49BFF4521D08F1500FC4825 /* DCLoginRegisterView.xib in Resources */,
				B4CFB07D21C816D400D834BD /* LaunchImage-800-Portrait-736h@3x.png in Resources */,
			);
			runOnlyForDeploymentPostprocessing = 0;
		};
/* End PBXResourcesBuildPhase section */

/* Begin PBXShellScriptBuildPhase section */
		359702CB3F5E8E3FD940ED4C /* [CP] Copy Pods Resources */ = {
			isa = PBXShellScriptBuildPhase;
			buildActionMask = 2147483647;
			files = (
			);
			inputPaths = (
				"${SRCROOT}/Pods/Target Support Files/Pods-抖词/Pods-抖词-resources.sh",
				"${PODS_ROOT}/SVProgressHUD/SVProgressHUD/SVProgressHUD.bundle",
			);
			name = "[CP] Copy Pods Resources";
			outputPaths = (
				"${TARGET_BUILD_DIR}/${UNLOCALIZED_RESOURCES_FOLDER_PATH}/SVProgressHUD.bundle",
			);
			runOnlyForDeploymentPostprocessing = 0;
			shellPath = /bin/sh;
			shellScript = "\"${SRCROOT}/Pods/Target Support Files/Pods-抖词/Pods-抖词-resources.sh\"\n";
			showEnvVarsInLog = 0;
		};
		D6845F2F932EA0F4427FD8FB /* [CP] Check Pods Manifest.lock */ = {
			isa = PBXShellScriptBuildPhase;
			buildActionMask = 2147483647;
			files = (
			);
			inputPaths = (
				"${PODS_PODFILE_DIR_PATH}/Podfile.lock",
				"${PODS_ROOT}/Manifest.lock",
			);
			name = "[CP] Check Pods Manifest.lock";
			outputPaths = (
				"$(DERIVED_FILE_DIR)/Pods-抖词-checkManifestLockResult.txt",
			);
			runOnlyForDeploymentPostprocessing = 0;
			shellPath = /bin/sh;
			shellScript = "diff \"${PODS_PODFILE_DIR_PATH}/Podfile.lock\" \"${PODS_ROOT}/Manifest.lock\" > /dev/null\nif [ $? != 0 ] ; then\n    # print error to STDERR\n    echo \"error: The sandbox is not in sync with the Podfile.lock. Run 'pod install' or update your CocoaPods installation.\" >&2\n    exit 1\nfi\n# This output is used by Xcode 'outputs' to avoid re-running this script phase.\necho \"SUCCESS\" > \"${SCRIPT_OUTPUT_FILE_0}\"\n";
			showEnvVarsInLog = 0;
		};
/* End PBXShellScriptBuildPhase section */

/* Begin PBXSourcesBuildPhase section */
		B4F8AB3421A701A200FB6C7A /* Sources */ = {
			isa = PBXSourcesBuildPhase;
			buildActionMask = 2147483647;
			files = (
				B4F8ABCD21A9763A00FB6C7A /* JPVideoPlayer.m in Sources */,
				B4F8ABCE21A9763A00FB6C7A /* JPVideoPlayerSupportUtils.m in Sources */,
				B49BFF2921D08B1700FC4825 /* DCSubTagCell.m in Sources */,
				B49BFF5021D08F6500FC4825 /* UIImage+image.m in Sources */,
				B49BFF4121D08F1500FC4825 /* DCFriendshipViewController.m in Sources */,
				B49BFF4721D08F1500FC4825 /* DCFastLoginView.m in Sources */,
				B4F8ABCB21A9763A00FB6C7A /* UITableView+WebVideoCache.m in Sources */,
				B49BFF5121D08F6500FC4825 /* UIBarButtonItem+Item.m in Sources */,
				B49BFF2621D08B1700FC4825 /* DCNewViewController.m in Sources */,
				B41BA88921D10B91006B1D5B /* DCSquareCell.m in Sources */,
				B4F8ABC821A9763A00FB6C7A /* JPVideoPlayerCacheFile.m in Sources */,
				B447243321C2B8DF00CCD2E0 /* DCNavigationViewController.m in Sources */,
				B4F8ABA121A975D800FB6C7A /* JPVideoPlayerDouyinViewController.m in Sources */,
				B49BFF4F21D08F6500FC4825 /* UIView+Frame.m in Sources */,
				B49BFF3E21D08F1500FC4825 /* DCLoginRegisterViewController.m in Sources */,
				B4F8ABC921A9763A00FB6C7A /* JPVideoPlayerControlViews.m in Sources */,
				B49BFF2821D08B1700FC4825 /* DCSubTagItem.m in Sources */,
				B447241321BEF4A700CCD2E0 /* DCPublishViewController.m in Sources */,
				B4F8ABC321A9763A00FB6C7A /* JPVideoPlayerDownloader.m in Sources */,
				B447241421BEF4A700CCD2E0 /* DCEssenceViewController.m in Sources */,
				B447244121C3101300CCD2E0 /* DCSettingViewController.m in Sources */,
				B447241721BEF4A700CCD2E0 /* DCTabBarController.m in Sources */,
				B41BA89421D25EF7006B1D5B /* DCWebViewController.m in Sources */,
				B4F8ABC721A9763A00FB6C7A /* JPVideoPlayerResourceLoader.m in Sources */,
				B4F8ABC621A9763A00FB6C7A /* JPVideoPlayerCompat.m in Sources */,
				B4F8AB3D21A701A200FB6C7A /* AppDelegate.m in Sources */,
				B4F8AB4E21A701A300FB6C7A /* main.m in Sources */,
				B49BFF4321D08F1500FC4825 /* DCTextField.m in Sources */,
				B4F8ABCF21A9763A00FB6C7A /* UITableViewCell+WebVideoCache.m in Sources */,
				B49BFF0421CECA7E00FC4825 /* DCADViewController.m in Sources */,
				B49BFF2721D08B1700FC4825 /* DCBQTableViewController.m in Sources */,
				B49BFF4221D08F1500FC4825 /* DCFastButton.m in Sources */,
				B49BFF0521CECA7E00FC4825 /* DCADitem.m in Sources */,
				B41BA88D21D13029006B1D5B /* DCSquareItem.m in Sources */,
				B4F8ABD021A9763A00FB6C7A /* JPVideoPlayerCachePath.m in Sources */,
				B447242121C000F900CCD2E0 /* DCTabBar.m in Sources */,
				B4F8ABC521A9763A00FB6C7A /* UIView+WebVideoCache.m in Sources */,
				B4F8ABC421A9763A00FB6C7A /* JPVideoPlayerCache.m in Sources */,
				B4F8ABCC21A9763A00FB6C7A /* JPVideoPlayerManager.m in Sources */,
				B4F8ABD121A9763A00FB6C7A /* JPResourceLoadingRequestTask.m in Sources */,
				B49BFF4621D08F1500FC4825 /* DCLoginRegisterView.m in Sources */,
				B447241521BEF4A700CCD2E0 /* DCMeViewController.m in Sources */,
			);
			runOnlyForDeploymentPostprocessing = 0;
		};
/* End PBXSourcesBuildPhase section */

/* Begin PBXVariantGroup section */
		B4F8AB4421A701A200FB6C7A /* Main.storyboard */ = {
			isa = PBXVariantGroup;
			children = (
				B4F8AB4521A701A200FB6C7A /* Base */,
			);
			name = Main.storyboard;
			sourceTree = "<group>";
		};
		B4F8AB4921A701A300FB6C7A /* LaunchScreen.storyboard */ = {
			isa = PBXVariantGroup;
			children = (
				B4F8AB4A21A701A300FB6C7A /* Base */,
			);
			name = LaunchScreen.storyboard;
			sourceTree = "<group>";
		};
/* End PBXVariantGroup section */

/* Begin XCBuildConfiguration section */
		B4F8AB4F21A701A300FB6C7A /* Debug */ = {
			isa = XCBuildConfiguration;
			buildSettings = {
				ALWAYS_SEARCH_USER_PATHS = NO;
				CLANG_ANALYZER_NONNULL = YES;
				CLANG_ANALYZER_NUMBER_OBJECT_CONVERSION = YES_AGGRESSIVE;
				CLANG_CXX_LANGUAGE_STANDARD = "gnu++14";
				CLANG_CXX_LIBRARY = "libc++";
				CLANG_ENABLE_MODULES = YES;
				CLANG_ENABLE_OBJC_ARC = YES;
				CLANG_ENABLE_OBJC_WEAK = YES;
				CLANG_WARN_BLOCK_CAPTURE_AUTORELEASING = YES;
				CLANG_WARN_BOOL_CONVERSION = YES;
				CLANG_WARN_COMMA = YES;
				CLANG_WARN_CONSTANT_CONVERSION = YES;
				CLANG_WARN_DEPRECATED_OBJC_IMPLEMENTATIONS = YES;
				CLANG_WARN_DIRECT_OBJC_ISA_USAGE = YES_ERROR;
				CLANG_WARN_DOCUMENTATION_COMMENTS = YES;
				CLANG_WARN_EMPTY_BODY = YES;
				CLANG_WARN_ENUM_CONVERSION = YES;
				CLANG_WARN_INFINITE_RECURSION = YES;
				CLANG_WARN_INT_CONVERSION = YES;
				CLANG_WARN_NON_LITERAL_NULL_CONVERSION = YES;
				CLANG_WARN_OBJC_IMPLICIT_RETAIN_SELF = YES;
				CLANG_WARN_OBJC_LITERAL_CONVERSION = YES;
				CLANG_WARN_OBJC_ROOT_CLASS = YES_ERROR;
				CLANG_WARN_RANGE_LOOP_ANALYSIS = YES;
				CLANG_WARN_STRICT_PROTOTYPES = YES;
				CLANG_WARN_SUSPICIOUS_MOVE = YES;
				CLANG_WARN_UNGUARDED_AVAILABILITY = YES_AGGRESSIVE;
				CLANG_WARN_UNREACHABLE_CODE = YES;
				CLANG_WARN__DUPLICATE_METHOD_MATCH = YES;
				CODE_SIGN_IDENTITY = "iPhone Developer";
				COPY_PHASE_STRIP = NO;
				DEBUG_INFORMATION_FORMAT = dwarf;
				ENABLE_STRICT_OBJC_MSGSEND = YES;
				ENABLE_TESTABILITY = YES;
				GCC_C_LANGUAGE_STANDARD = gnu11;
				GCC_DYNAMIC_NO_PIC = NO;
				GCC_NO_COMMON_BLOCKS = YES;
				GCC_OPTIMIZATION_LEVEL = 0;
				GCC_PREPROCESSOR_DEFINITIONS = (
					"DEBUG=1",
					"$(inherited)",
				);
				GCC_WARN_64_TO_32_BIT_CONVERSION = YES;
				GCC_WARN_ABOUT_RETURN_TYPE = YES_ERROR;
				GCC_WARN_UNDECLARED_SELECTOR = YES;
				GCC_WARN_UNINITIALIZED_AUTOS = YES_AGGRESSIVE;
				GCC_WARN_UNUSED_FUNCTION = YES;
				GCC_WARN_UNUSED_VARIABLE = YES;
				IPHONEOS_DEPLOYMENT_TARGET = 11.4;
				MTL_ENABLE_DEBUG_INFO = YES;
				ONLY_ACTIVE_ARCH = YES;
				SDKROOT = iphoneos;
			};
			name = Debug;
		};
		B4F8AB5021A701A300FB6C7A /* Release */ = {
			isa = XCBuildConfiguration;
			buildSettings = {
				ALWAYS_SEARCH_USER_PATHS = NO;
				CLANG_ANALYZER_NONNULL = YES;
				CLANG_ANALYZER_NUMBER_OBJECT_CONVERSION = YES_AGGRESSIVE;
				CLANG_CXX_LANGUAGE_STANDARD = "gnu++14";
				CLANG_CXX_LIBRARY = "libc++";
				CLANG_ENABLE_MODULES = YES;
				CLANG_ENABLE_OBJC_ARC = YES;
				CLANG_ENABLE_OBJC_WEAK = YES;
				CLANG_WARN_BLOCK_CAPTURE_AUTORELEASING = YES;
				CLANG_WARN_BOOL_CONVERSION = YES;
				CLANG_WARN_COMMA = YES;
				CLANG_WARN_CONSTANT_CONVERSION = YES;
				CLANG_WARN_DEPRECATED_OBJC_IMPLEMENTATIONS = YES;
				CLANG_WARN_DIRECT_OBJC_ISA_USAGE = YES_ERROR;
				CLANG_WARN_DOCUMENTATION_COMMENTS = YES;
				CLANG_WARN_EMPTY_BODY = YES;
				CLANG_WARN_ENUM_CONVERSION = YES;
				CLANG_WARN_INFINITE_RECURSION = YES;
				CLANG_WARN_INT_CONVERSION = YES;
				CLANG_WARN_NON_LITERAL_NULL_CONVERSION = YES;
				CLANG_WARN_OBJC_IMPLICIT_RETAIN_SELF = YES;
				CLANG_WARN_OBJC_LITERAL_CONVERSION = YES;
				CLANG_WARN_OBJC_ROOT_CLASS = YES_ERROR;
				CLANG_WARN_RANGE_LOOP_ANALYSIS = YES;
				CLANG_WARN_STRICT_PROTOTYPES = YES;
				CLANG_WARN_SUSPICIOUS_MOVE = YES;
				CLANG_WARN_UNGUARDED_AVAILABILITY = YES_AGGRESSIVE;
				CLANG_WARN_UNREACHABLE_CODE = YES;
				CLANG_WARN__DUPLICATE_METHOD_MATCH = YES;
				CODE_SIGN_IDENTITY = "iPhone Developer";
				COPY_PHASE_STRIP = NO;
				DEBUG_INFORMATION_FORMAT = "dwarf-with-dsym";
				ENABLE_NS_ASSERTIONS = NO;
				ENABLE_STRICT_OBJC_MSGSEND = YES;
				GCC_C_LANGUAGE_STANDARD = gnu11;
				GCC_NO_COMMON_BLOCKS = YES;
				GCC_WARN_64_TO_32_BIT_CONVERSION = YES;
				GCC_WARN_ABOUT_RETURN_TYPE = YES_ERROR;
				GCC_WARN_UNDECLARED_SELECTOR = YES;
				GCC_WARN_UNINITIALIZED_AUTOS = YES_AGGRESSIVE;
				GCC_WARN_UNUSED_FUNCTION = YES;
				GCC_WARN_UNUSED_VARIABLE = YES;
				IPHONEOS_DEPLOYMENT_TARGET = 11.4;
				MTL_ENABLE_DEBUG_INFO = NO;
				SDKROOT = iphoneos;
				VALIDATE_PRODUCT = YES;
			};
			name = Release;
		};
		B4F8AB5221A701A300FB6C7A /* Debug */ = {
			isa = XCBuildConfiguration;
			baseConfigurationReference = 21D229EE3ACDB1BDBEAB6836 /* Pods-抖词.debug.xcconfig */;
			buildSettings = {
				ASSETCATALOG_COMPILER_APPICON_NAME = AppIcon;
				CODE_SIGN_IDENTITY = "iPhone Distribution";
				CODE_SIGN_STYLE = Manual;
				DEVELOPMENT_TEAM = 3W65VYK692;
				INFOPLIST_FILE = "抖词/Info.plist";
				LD_RUNPATH_SEARCH_PATHS = (
					"$(inherited)",
					"@executable_path/Frameworks",
				);
				PRODUCT_BUNDLE_IDENTIFIER = com.studynumber.douci2;
				PRODUCT_NAME = "$(TARGET_NAME)";
				PROVISIONING_PROFILE = "83afebb2-b7f9-4cda-b769-d017d6b33105";
				PROVISIONING_PROFILE_SPECIFIER = douci;
				TARGETED_DEVICE_FAMILY = 1;
			};
			name = Debug;
		};
		B4F8AB5321A701A300FB6C7A /* Release */ = {
			isa = XCBuildConfiguration;
			baseConfigurationReference = AAE1F0DF6EADF8F191C60221 /* Pods-抖词.release.xcconfig */;
			buildSettings = {
				ASSETCATALOG_COMPILER_APPICON_NAME = AppIcon;
				CODE_SIGN_IDENTITY = "iPhone Distribution";
				CODE_SIGN_STYLE = Manual;
				DEVELOPMENT_TEAM = 3W65VYK692;
				INFOPLIST_FILE = "抖词/Info.plist";
				LD_RUNPATH_SEARCH_PATHS = (
					"$(inherited)",
					"@executable_path/Frameworks",
				);
				PRODUCT_BUNDLE_IDENTIFIER = com.studynumber.douci2;
				PRODUCT_NAME = "$(TARGET_NAME)";
				PROVISIONING_PROFILE = "2737e881-5d84-435f-8fa2-930f2d81303d";
				PROVISIONING_PROFILE_SPECIFIER = douci;
				TARGETED_DEVICE_FAMILY = 1;
			};
			name = Release;
		};
/* End XCBuildConfiguration section */

/* Begin XCConfigurationList section */
		B4F8AB3321A701A200FB6C7A /* Build configuration list for PBXProject "抖词" */ = {
			isa = XCConfigurationList;
			buildConfigurations = (
				B4F8AB4F21A701A300FB6C7A /* Debug */,
				B4F8AB5021A701A300FB6C7A /* Release */,
			);
			defaultConfigurationIsVisible = 0;
			defaultConfigurationName = Release;
		};
		B4F8AB5121A701A300FB6C7A /* Build configuration list for PBXNativeTarget "抖词" */ = {
			isa = XCConfigurationList;
			buildConfigurations = (
				B4F8AB5221A701A300FB6C7A /* Debug */,
				B4F8AB5321A701A300FB6C7A /* Release */,
			);
			defaultConfigurationIsVisible = 0;
			defaultConfigurationName = Release;
		};
/* End XCConfigurationList section */
	};
	rootObject = B4F8AB3021A701A200FB6C7A /* Project object */;
}
